// !$*UTF8*$!
{
	archiveVersion = 1;
	classes = {
	};
	objectVersion = 46;
	objects = {

/* Begin PBXBuildFile section */
		7189FF3F1B62EEA00045E039 /* AppDelegate.swift in Sources */ = {isa = PBXBuildFile; fileRef = 7189FF3E1B62EEA00045E039 /* AppDelegate.swift */; };
		7189FF411B62EEA00045E039 /* ViewController.swift in Sources */ = {isa = PBXBuildFile; fileRef = 7189FF401B62EEA00045E039 /* ViewController.swift */; };
		7189FF441B62EEA00045E039 /* Main.storyboard in Resources */ = {isa = PBXBuildFile; fileRef = 7189FF421B62EEA00045E039 /* Main.storyboard */; };
		7189FF461B62EEA00045E039 /* Images.xcassets in Resources */ = {isa = PBXBuildFile; fileRef = 7189FF451B62EEA00045E039 /* Images.xcassets */; };
		7189FF491B62EEA00045E039 /* LaunchScreen.xib in Resources */ = {isa = PBXBuildFile; fileRef = 7189FF471B62EEA00045E039 /* LaunchScreen.xib */; };
		7189FF551B62EEA00045E039 /* Day_4_Delegate_DemoTests.swift in Sources */ = {isa = PBXBuildFile; fileRef = 7189FF541B62EEA00045E039 /* Day_4_Delegate_DemoTests.swift */; };
/* End PBXBuildFile section */

/* Begin PBXContainerItemProxy section */
		7189FF4F1B62EEA00045E039 /* PBXContainerItemProxy */ = {
			isa = PBXContainerItemProxy;
			containerPortal = 7189FF311B62EEA00045E039 /* Project object */;
			proxyType = 1;
			remoteGlobalIDString = 7189FF381B62EEA00045E039;
			remoteInfo = "Day-4-Delegate-Demo";
		};
/* End PBXContainerItemProxy section */

/* Begin PBXFileReference section */
		7189FF391B62EEA00045E039 /* Day-4-Delegate-Demo.app */ = {isa = PBXFileReference; explicitFileType = wrapper.application; includeInIndex = 0; path = "Day-4-Delegate-Demo.app"; sourceTree = BUILT_PRODUCTS_DIR; };
		7189FF3D1B62EEA00045E039 /* Info.plist */ = {isa = PBXFileReference; lastKnownFileType = text.plist.xml; path = Info.plist; sourceTree = "<group>"; };
		7189FF3E1B62EEA00045E039 /* AppDelegate.swift */ = {isa = PBXFileReference; lastKnownFileType = sourcecode.swift; path = AppDelegate.swift; sourceTree = "<group>"; };
		7189FF401B62EEA00045E039 /* ViewController.swift */ = {isa = PBXFileReference; lastKnownFileType = sourcecode.swift; path = ViewController.swift; sourceTree = "<group>"; };
		7189FF431B62EEA00045E039 /* Base */ = {isa = PBXFileReference; lastKnownFileType = file.storyboard; name = Base; path = Base.lproj/Main.storyboard; sourceTree = "<group>"; };
		7189FF451B62EEA00045E039 /* Images.xcassets */ = {isa = PBXFileReference; lastKnownFileType = folder.assetcatalog; path = Images.xcassets; sourceTree = "<group>"; };
		7189FF481B62EEA00045E039 /* Base */ = {isa = PBXFileReference; lastKnownFileType = file.xib; name = Base; path = Base.lproj/LaunchScreen.xib; sourceTree = "<group>"; };
		7189FF4E1B62EEA00045E039 /* Day-4-Delegate-DemoTests.xctest */ = {isa = PBXFileReference; explicitFileType = wrapper.cfbundle; includeInIndex = 0; path = "Day-4-Delegate-DemoTests.xctest"; sourceTree = BUILT_PRODUCTS_DIR; };
		7189FF531B62EEA00045E039 /* Info.plist */ = {isa = PBXFileReference; lastKnownFileType = text.plist.xml; path = Info.plist; sourceTree = "<group>"; };
		7189FF541B62EEA00045E039 /* Day_4_Delegate_DemoTests.swift */ = {isa = PBXFileReference; lastKnownFileType = sourcecode.swift; path = Day_4_Delegate_DemoTests.swift; sourceTree = "<group>"; };
/* End PBXFileReference section */

/* Begin PBXFrameworksBuildPhase section */
		7189FF361B62EEA00045E039 /* Frameworks */ = {
			isa = PBXFrameworksBuildPhase;
			buildActionMask = 2147483647;
			files = (
			);
			runOnlyForDeploymentPostprocessing = 0;
		};
		7189FF4B1B62EEA00045E039 /* Frameworks */ = {
			isa = PBXFrameworksBuildPhase;
			buildActionMask = 2147483647;
			files = (
			);
			runOnlyForDeploymentPostprocessing = 0;
		};
/* End PBXFrameworksBuildPhase section */

/* Begin PBXGroup section */
		7189FF301B62EEA00045E039 = {
			isa = PBXGroup;
			children = (
				7189FF3B1B62EEA00045E039 /* Day-4-Delegate-Demo */,
				7189FF511B62EEA00045E039 /* Day-4-Delegate-DemoTests */,
				7189FF3A1B62EEA00045E039 /* Products */,
			);
			sourceTree = "<group>";
		};
		7189FF3A1B62EEA00045E039 /* Products */ = {
			isa = PBXGroup;
			children = (
				7189FF391B62EEA00045E039 /* Day-4-Delegate-Demo.app */,
				7189FF4E1B62EEA00045E039 /* Day-4-Delegate-DemoTests.xctest */,
			);
			name = Products;
			sourceTree = "<group>";
		};
		7189FF3B1B62EEA00045E039 /* Day-4-Delegate-Demo */ = {
			isa = PBXGroup;
			children = (
				7189FF3E1B62EEA00045E039 /* AppDelegate.swift */,
				7189FF401B62EEA00045E039 /* ViewController.swift */,
				7189FF421B62EEA00045E039 /* Main.storyboard */,
				7189FF451B62EEA00045E039 /* Images.xcassets */,
				7189FF471B62EEA00045E039 /* LaunchScreen.xib */,
				7189FF3C1B62EEA00045E039 /* Supporting Files */,
			);
			path = "Day-4-Delegate-Demo";
			sourceTree = "<group>";
		};
		7189FF3C1B62EEA00045E039 /* Supporting Files */ = {
			isa = PBXGroup;
			children = (
				7189FF3D1B62EEA00045E039 /* Info.plist */,
			);
			name = "Supporting Files";
			sourceTree = "<group>";
		};
		7189FF511B62EEA00045E039 /* Day-4-Delegate-DemoTests */ = {
			isa = PBXGroup;
			children = (
				7189FF541B62EEA00045E039 /* Day_4_Delegate_DemoTests.swift */,
				7189FF521B62EEA00045E039 /* Supporting Files */,
			);
			path = "Day-4-Delegate-DemoTests";
			sourceTree = "<group>";
		};
		7189FF521B62EEA00045E039 /* Supporting Files */ = {
			isa = PBXGroup;
			children = (
				7189FF531B62EEA00045E039 /* Info.plist */,
			);
			name = "Supporting Files";
			sourceTree = "<group>";
		};
/* End PBXGroup section */

/* Begin PBXNativeTarget section */
		7189FF381B62EEA00045E039 /* Day-4-Delegate-Demo */ = {
			isa = PBXNativeTarget;
			buildConfigurationList = 7189FF581B62EEA00045E039 /* Build configuration list for PBXNativeTarget "Day-4-Delegate-Demo" */;
			buildPhases = (
				7189FF351B62EEA00045E039 /* Sources */,
				7189FF361B62EEA00045E039 /* Frameworks */,
				7189FF371B62EEA00045E039 /* Resources */,
			);
			buildRules = (
			);
			dependencies = (
			);
			name = "Day-4-Delegate-Demo";
			productName = "Day-4-Delegate-Demo";
			productReference = 7189FF391B62EEA00045E039 /* Day-4-Delegate-Demo.app */;
			productType = "com.apple.product-type.application";
		};
		7189FF4D1B62EEA00045E039 /* Day-4-Delegate-DemoTests */ = {
			isa = PBXNativeTarget;
			buildConfigurationList = 7189FF5B1B62EEA00045E039 /* Build configuration list for PBXNativeTarget "Day-4-Delegate-DemoTests" */;
			buildPhases = (
				7189FF4A1B62EEA00045E039 /* Sources */,
				7189FF4B1B62EEA00045E039 /* Frameworks */,
				7189FF4C1B62EEA00045E039 /* Resources */,
			);
			buildRules = (
			);
			dependencies = (
				7189FF501B62EEA00045E039 /* PBXTargetDependency */,
			);
			name = "Day-4-Delegate-DemoTests";
			productName = "Day-4-Delegate-DemoTests";
			productReference = 7189FF4E1B62EEA00045E039 /* Day-4-Delegate-DemoTests.xctest */;
			productType = "com.apple.product-type.bundle.unit-test";
		};
/* End PBXNativeTarget section */

/* Begin PBXProject section */
		7189FF311B62EEA00045E039 /* Project object */ = {
			isa = PBXProject;
			attributes = {
				LastUpgradeCheck = 0640;
				ORGANIZATIONNAME = "Jill Cohen";
				TargetAttributes = {
					7189FF381B62EEA00045E039 = {
						CreatedOnToolsVersion = 6.4;
					};
					7189FF4D1B62EEA00045E039 = {
						CreatedOnToolsVersion = 6.4;
						TestTargetID = 7189FF381B62EEA00045E039;
					};
				};
			};
			buildConfigurationList = 7189FF341B62EEA00045E039 /* Build configuration list for PBXProject "Day-4-Delegate-Demo" */;
			compatibilityVersion = "Xcode 3.2";
			developmentRegion = English;
			hasScannedForEncodings = 0;
			knownRegions = (
				en,
				Base,
			);
			mainGroup = 7189FF301B62EEA00045E039;
			productRefGroup = 7189FF3A1B62EEA00045E039 /* Products */;
			projectDirPath = "";
			projectRoot = "";
			targets = (
				7189FF381B62EEA00045E039 /* Day-4-Delegate-Demo */,
				7189FF4D1B62EEA00045E039 /* Day-4-Delegate-DemoTests */,
			);
		};
/* End PBXProject section */

/* Begin PBXResourcesBuildPhase section */
		7189FF371B62EEA00045E039 /* Resources */ = {
			isa = PBXResourcesBuildPhase;
			buildActionMask = 2147483647;
			files = (
				7189FF441B62EEA00045E039 /* Main.storyboard in Resources */,
				7189FF491B62EEA00045E039 /* LaunchScreen.xib in Resources */,
				7189FF461B62EEA00045E039 /* Images.xcassets in Resources */,
			);
			runOnlyForDeploymentPostprocessing = 0;
		};
		7189FF4C1B62EEA00045E039 /* Resources */ = {
			isa = PBXResourcesBuildPhase;
			buildActionMask = 2147483647;
			files = (
			);
			runOnlyForDeploymentPostprocessing = 0;
		};
/* End PBXResourcesBuildPhase section */

/* Begin PBXSourcesBuildPhase section */
		7189FF351B62EEA00045E039 /* Sources */ = {
			isa = PBXSourcesBuildPhase;
			buildActionMask = 2147483647;
			files = (
				7189FF411B62EEA00045E039 /* ViewController.swift in Sources */,
				7189FF3F1B62EEA00045E039 /* AppDelegate.swift in Sources */,
			);
			runOnlyForDeploymentPostprocessing = 0;
		};
		7189FF4A1B62EEA00045E039 /* Sources */ = {
			isa = PBXSourcesBuildPhase;
			buildActionMask = 2147483647;
			files = (
				7189FF551B62EEA00045E039 /* Day_4_Delegate_DemoTests.swift in Sources */,
			);
			runOnlyForDeploymentPostprocessing = 0;
		};
/* End PBXSourcesBuildPhase section */

/* Begin PBXTargetDependency section */
		7189FF501B62EEA00045E039 /* PBXTargetDependency */ = {
			isa = PBXTargetDependency;
			target = 7189FF381B62EEA00045E039 /* Day-4-Delegate-Demo */;
			targetProxy = 7189FF4F1B62EEA00045E039 /* PBXContainerItemProxy */;
		};
/* End PBXTargetDependency section */

/* Begin PBXVariantGroup section */
		7189FF421B62EEA00045E039 /* Main.storyboard */ = {
			isa = PBXVariantGroup;
			children = (
				7189FF431B62EEA00045E039 /* Base */,
			);
			name = Main.storyboard;
			sourceTree = "<group>";
		};
		7189FF471B62EEA00045E039 /* LaunchScreen.xib */ = {
			isa = PBXVariantGroup;
			children = (
				7189FF481B62EEA00045E039 /* Base */,
			);
			name = LaunchScreen.xib;
			sourceTree = "<group>";
		};
/* End PBXVariantGroup section */

/* Begin XCBuildConfiguration section */
		7189FF561B62EEA00045E039 /* Debug */ = {
			isa = XCBuildConfiguration;
			buildSettings = {
				ALWAYS_SEARCH_USER_PATHS = NO;
				CLANG_CXX_LANGUAGE_STANDARD = "gnu++0x";
				CLANG_CXX_LIBRARY = "libc++";
				CLANG_ENABLE_MODULES = YES;
				CLANG_ENABLE_OBJC_ARC = YES;
				CLANG_WARN_BOOL_CONVERSION = YES;
				CLANG_WARN_CONSTANT_CONVERSION = YES;
				CLANG_WARN_DIRECT_OBJC_ISA_USAGE = YES_ERROR;
				CLANG_WARN_EMPTY_BODY = YES;
				CLANG_WARN_ENUM_CONVERSION = YES;
				CLANG_WARN_INT_CONVERSION = YES;
				CLANG_WARN_OBJC_ROOT_CLASS = YES_ERROR;
				CLANG_WARN_UNREACHABLE_CODE = YES;
				CLANG_WARN__DUPLICATE_METHOD_MATCH = YES;
				"CODE_SIGN_IDENTITY[sdk=iphoneos*]" = "iPhone Developer";
				COPY_PHASE_STRIP = NO;
				DEBUG_INFORMATION_FORMAT = "dwarf-with-dsym";
				ENABLE_STRICT_OBJC_MSGSEND = YES;
				GCC_C_LANGUAGE_STANDARD = gnu99;
				GCC_DYNAMIC_NO_PIC = NO;
				GCC_NO_COMMON_BLOCKS = YES;
				GCC_OPTIMIZATION_LEVEL = 0;
				GCC_PREPROCESSOR_DEFINITIONS = (
					"DEBUG=1",
					"$(inherited)",
				);
				GCC_SYMBOLS_PRIVATE_EXTERN = NO;
				GCC_WARN_64_TO_32_BIT_CONVERSION = YES;
				GCC_WARN_ABOUT_RETURN_TYPE = YES_ERROR;
				GCC_WARN_UNDECLARED_SELECTOR = YES;
				GCC_WARN_UNINITIALIZED_AUTOS = YES_AGGRESSIVE;
				GCC_WARN_UNUSED_FUNCTION = YES;
				GCC_WARN_UNUSED_VARIABLE = YES;
				IPHONEOS_DEPLOYMENT_TARGET = 8.4;
				MTL_ENABLE_DEBUG_INFO = YES;
				ONLY_ACTIVE_ARCH = YES;
				SDKROOT = iphoneos;
				SWIFT_OPTIMIZATION_LEVEL = "-Onone";
			};
			name = Debug;
		};
		7189FF571B62EEA00045E039 /* Release */ = {
			isa = XCBuildConfiguration;
			buildSettings = {
				ALWAYS_SEARCH_USER_PATHS = NO;
				CLANG_CXX_LANGUAGE_STANDARD = "gnu++0x";
				CLANG_CXX_LIBRARY = "libc++";
				CLANG_ENABLE_MODULES = YES;
				CLANG_ENABLE_OBJC_ARC = YES;
				CLANG_WARN_BOOL_CONVERSION = YES;
				CLANG_WARN_CONSTANT_CONVERSION = YES;
				CLANG_WARN_DIRECT_OBJC_ISA_USAGE = YES_ERROR;
				CLANG_WARN_EMPTY_BODY = YES;
				CLANG_WARN_ENUM_CONVERSION = YES;
				CLANG_WARN_INT_CONVERSION = YES;
				CLANG_WARN_OBJC_ROOT_CLASS = YES_ERROR;
				CLANG_WARN_UNREACHABLE_CODE = YES;
				CLANG_WARN__DUPLICATE_METHOD_MATCH = YES;
				"CODE_SIGN_IDENTITY[sdk=iphoneos*]" = "iPhone Developer";
				COPY_PHASE_STRIP = NO;
				DEBUG_INFORMATION_FORMAT = "dwarf-with-dsym";
				ENABLE_NS_ASSERTIONS = NO;
				ENABLE_STRICT_OBJC_MSGSEND = YES;
				GCC_C_LANGUAGE_STANDARD = gnu99;
				GCC_NO_COMMON_BLOCKS = YES;
				GCC_WARN_64_TO_32_BIT_CONVERSION = YES;
				GCC_WARN_ABOUT_RETURN_TYPE = YES_ERROR;
				GCC_WARN_UNDECLARED_SELECTOR = YES;
				GCC_WARN_UNINITIALIZED_AUTOS = YES_AGGRESSIVE;
				GCC_WARN_UNUSED_FUNCTION = YES;
				GCC_WARN_UNUSED_VARIABLE = YES;
				IPHONEOS_DEPLOYMENT_TARGET = 8.4;
				MTL_ENABLE_DEBUG_INFO = NO;
				SDKROOT = iphoneos;
				VALIDATE_PRODUCT = YES;
			};
			name = Release;
		};
		7189FF591B62EEA00045E039 /* Debug */ = {
			isa = XCBuildConfiguration;
			buildSettings = {
				ASSETCATALOG_COMPILER_APPICON_NAME = AppIcon;
				INFOPLIST_FILE = "Day-4-Delegate-Demo/Info.plist";
				LD_RUNPATH_SEARCH_PATHS = "$(inherited) @executable_path/Frameworks";
				PRODUCT_NAME = "$(TARGET_NAME)";
			};
			name = Debug;
		};
		7189FF5A1B62EEA00045E039 /* Release */ = {
			isa = XCBuildConfiguration;
			buildSettings = {
				ASSETCATALOG_COMPILER_APPICON_NAME = AppIcon;
				INFOPLIST_FILE = "Day-4-Delegate-Demo/Info.plist";
				LD_RUNPATH_SEARCH_PATHS = "$(inherited) @executable_path/Frameworks";
				PRODUCT_NAME = "$(TARGET_NAME)";
			};
			name = Release;
		};
		7189FF5C1B62EEA00045E039 /* Debug */ = {
			isa = XCBuildConfiguration;
			buildSettings = {
				BUNDLE_LOADER = "$(TEST_HOST)";
				FRAMEWORK_SEARCH_PATHS = (
					"$(SDKROOT)/Developer/Library/Frameworks",
					"$(inherited)",
				);
				GCC_PREPROCESSOR_DEFINITIONS = (
					"DEBUG=1",
					"$(inherited)",
				);
				INFOPLIST_FILE = "Day-4-Delegate-DemoTests/Info.plist";
				LD_RUNPATH_SEARCH_PATHS = "$(inherited) @executable_path/Frameworks @loader_path/Frameworks";
				PRODUCT_NAME = "$(TARGET_NAME)";
				TEST_HOST = "$(BUILT_PRODUCTS_DIR)/Day-4-Delegate-Demo.app/Day-4-Delegate-Demo";
			};
			name = Debug;
		};
		7189FF5D1B62EEA00045E039 /* Release */ = {
			isa = XCBuildConfiguration;
			buildSettings = {
				BUNDLE_LOADER = "$(TEST_HOST)";
				FRAMEWORK_SEARCH_PATHS = (
					"$(SDKROOT)/Developer/Library/Frameworks",
					"$(inherited)",
				);
				INFOPLIST_FILE = "Day-4-Delegate-DemoTests/Info.plist";
				LD_RUNPATH_SEARCH_PATHS = "$(inherited) @executable_path/Frameworks @loader_path/Frameworks";
				PRODUCT_NAME = "$(TARGET_NAME)";
				TEST_HOST = "$(BUILT_PRODUCTS_DIR)/Day-4-Delegate-Demo.app/Day-4-Delegate-Demo";
			};
			name = Release;
		};
/* End XCBuildConfiguration section */

/* Begin XCConfigurationList section */
		7189FF341B62EEA00045E039 /* Build configuration list for PBXProject "Day-4-Delegate-Demo" */ = {
			isa = XCConfigurationList;
			buildConfigurations = (
				7189FF561B62EEA00045E039 /* Debug */,
				7189FF571B62EEA00045E039 /* Release */,
			);
			defaultConfigurationIsVisible = 0;
			defaultConfigurationName = Release;
		};
		7189FF581B62EEA00045E039 /* Build configuration list for PBXNativeTarget "Day-4-Delegate-Demo" */ = {
			isa = XCConfigurationList;
			buildConfigurations = (
				7189FF591B62EEA00045E039 /* Debug */,
				7189FF5A1B62EEA00045E039 /* Release */,
			);
			defaultConfigurationIsVisible = 0;
		};
		7189FF5B1B62EEA00045E039 /* Build configuration list for PBXNativeTarget "Day-4-Delegate-DemoTests" */ = {
			isa = XCConfigurationList;
			buildConfigurations = (
				7189FF5C1B62EEA00045E039 /* Debug */,
				7189FF5D1B62EEA00045E039 /* Release */,
			);
			defaultConfigurationIsVisible = 0;
		};
/* End XCConfigurationList section */
	};
	rootObject = 7189FF311B62EEA00045E039 /* Project object */;
}
