// !$*UTF8*$!
{
	archiveVersion = 1;
	classes = {
	};
	objectVersion = 46;
	objects = {

/* Begin PBXBuildFile section */
		31C459811B4C91C500FB9115 /* AppDelegate.swift in Sources */ = {isa = PBXBuildFile; fileRef = 31C459801B4C91C500FB9115 /* AppDelegate.swift */; };
		31C459831B4C91C500FB9115 /* ViewController.swift in Sources */ = {isa = PBXBuildFile; fileRef = 31C459821B4C91C500FB9115 /* ViewController.swift */; };
		31C459861B4C91C500FB9115 /* Main.storyboard in Resources */ = {isa = PBXBuildFile; fileRef = 31C459841B4C91C500FB9115 /* Main.storyboard */; };
		31C459881B4C91C500FB9115 /* Images.xcassets in Resources */ = {isa = PBXBuildFile; fileRef = 31C459871B4C91C500FB9115 /* Images.xcassets */; };
		31C4598B1B4C91C500FB9115 /* LaunchScreen.xib in Resources */ = {isa = PBXBuildFile; fileRef = 31C459891B4C91C500FB9115 /* LaunchScreen.xib */; };
		31C459971B4C91C500FB9115 /* My_First_Swift_AppTests.swift in Sources */ = {isa = PBXBuildFile; fileRef = 31C459961B4C91C500FB9115 /* My_First_Swift_AppTests.swift */; };
/* End PBXBuildFile section */

/* Begin PBXContainerItemProxy section */
		31C459911B4C91C500FB9115 /* PBXContainerItemProxy */ = {
			isa = PBXContainerItemProxy;
			containerPortal = 31C459731B4C91C500FB9115 /* Project object */;
			proxyType = 1;
			remoteGlobalIDString = 31C4597A1B4C91C500FB9115;
			remoteInfo = "My First Swift App";
		};
/* End PBXContainerItemProxy section */

/* Begin PBXFileReference section */
		31C4597B1B4C91C500FB9115 /* My First Swift App.app */ = {isa = PBXFileReference; explicitFileType = wrapper.application; includeInIndex = 0; path = "My First Swift App.app"; sourceTree = BUILT_PRODUCTS_DIR; };
		31C4597F1B4C91C500FB9115 /* Info.plist */ = {isa = PBXFileReference; lastKnownFileType = text.plist.xml; path = Info.plist; sourceTree = "<group>"; };
		31C459801B4C91C500FB9115 /* AppDelegate.swift */ = {isa = PBXFileReference; lastKnownFileType = sourcecode.swift; path = AppDelegate.swift; sourceTree = "<group>"; };
		31C459821B4C91C500FB9115 /* ViewController.swift */ = {isa = PBXFileReference; lastKnownFileType = sourcecode.swift; path = ViewController.swift; sourceTree = "<group>"; };
		31C459851B4C91C500FB9115 /* Base */ = {isa = PBXFileReference; lastKnownFileType = file.storyboard; name = Base; path = Base.lproj/Main.storyboard; sourceTree = "<group>"; };
		31C459871B4C91C500FB9115 /* Images.xcassets */ = {isa = PBXFileReference; lastKnownFileType = folder.assetcatalog; path = Images.xcassets; sourceTree = "<group>"; };
		31C4598A1B4C91C500FB9115 /* Base */ = {isa = PBXFileReference; lastKnownFileType = file.xib; name = Base; path = Base.lproj/LaunchScreen.xib; sourceTree = "<group>"; };
		31C459901B4C91C500FB9115 /* My First Swift AppTests.xctest */ = {isa = PBXFileReference; explicitFileType = wrapper.cfbundle; includeInIndex = 0; path = "My First Swift AppTests.xctest"; sourceTree = BUILT_PRODUCTS_DIR; };
		31C459951B4C91C500FB9115 /* Info.plist */ = {isa = PBXFileReference; lastKnownFileType = text.plist.xml; path = Info.plist; sourceTree = "<group>"; };
		31C459961B4C91C500FB9115 /* My_First_Swift_AppTests.swift */ = {isa = PBXFileReference; lastKnownFileType = sourcecode.swift; path = My_First_Swift_AppTests.swift; sourceTree = "<group>"; };
/* End PBXFileReference section */

/* Begin PBXFrameworksBuildPhase section */
		31C459781B4C91C500FB9115 /* Frameworks */ = {
			isa = PBXFrameworksBuildPhase;
			buildActionMask = 2147483647;
			files = (
			);
			runOnlyForDeploymentPostprocessing = 0;
		};
		31C4598D1B4C91C500FB9115 /* Frameworks */ = {
			isa = PBXFrameworksBuildPhase;
			buildActionMask = 2147483647;
			files = (
			);
			runOnlyForDeploymentPostprocessing = 0;
		};
/* End PBXFrameworksBuildPhase section */

/* Begin PBXGroup section */
		31C459721B4C91C500FB9115 = {
			isa = PBXGroup;
			children = (
				31C4597D1B4C91C500FB9115 /* My First Swift App */,
				31C459931B4C91C500FB9115 /* My First Swift AppTests */,
				31C4597C1B4C91C500FB9115 /* Products */,
			);
			sourceTree = "<group>";
		};
		31C4597C1B4C91C500FB9115 /* Products */ = {
			isa = PBXGroup;
			children = (
				31C4597B1B4C91C500FB9115 /* My First Swift App.app */,
				31C459901B4C91C500FB9115 /* My First Swift AppTests.xctest */,
			);
			name = Products;
			sourceTree = "<group>";
		};
		31C4597D1B4C91C500FB9115 /* My First Swift App */ = {
			isa = PBXGroup;
			children = (
				31C459801B4C91C500FB9115 /* AppDelegate.swift */,
				31C459821B4C91C500FB9115 /* ViewController.swift */,
				31C459841B4C91C500FB9115 /* Main.storyboard */,
				31C459871B4C91C500FB9115 /* Images.xcassets */,
				31C459891B4C91C500FB9115 /* LaunchScreen.xib */,
				31C4597E1B4C91C500FB9115 /* Supporting Files */,
			);
			path = "My First Swift App";
			sourceTree = "<group>";
		};
		31C4597E1B4C91C500FB9115 /* Supporting Files */ = {
			isa = PBXGroup;
			children = (
				31C4597F1B4C91C500FB9115 /* Info.plist */,
			);
			name = "Supporting Files";
			sourceTree = "<group>";
		};
		31C459931B4C91C500FB9115 /* My First Swift AppTests */ = {
			isa = PBXGroup;
			children = (
				31C459961B4C91C500FB9115 /* My_First_Swift_AppTests.swift */,
				31C459941B4C91C500FB9115 /* Supporting Files */,
			);
			path = "My First Swift AppTests";
			sourceTree = "<group>";
		};
		31C459941B4C91C500FB9115 /* Supporting Files */ = {
			isa = PBXGroup;
			children = (
				31C459951B4C91C500FB9115 /* Info.plist */,
			);
			name = "Supporting Files";
			sourceTree = "<group>";
		};
/* End PBXGroup section */

/* Begin PBXNativeTarget section */
		31C4597A1B4C91C500FB9115 /* My First Swift App */ = {
			isa = PBXNativeTarget;
			buildConfigurationList = 31C4599A1B4C91C500FB9115 /* Build configuration list for PBXNativeTarget "My First Swift App" */;
			buildPhases = (
				31C459771B4C91C500FB9115 /* Sources */,
				31C459781B4C91C500FB9115 /* Frameworks */,
				31C459791B4C91C500FB9115 /* Resources */,
			);
			buildRules = (
			);
			dependencies = (
			);
			name = "My First Swift App";
			productName = "My First Swift App";
			productReference = 31C4597B1B4C91C500FB9115 /* My First Swift App.app */;
			productType = "com.apple.product-type.application";
		};
		31C4598F1B4C91C500FB9115 /* My First Swift AppTests */ = {
			isa = PBXNativeTarget;
			buildConfigurationList = 31C4599D1B4C91C500FB9115 /* Build configuration list for PBXNativeTarget "My First Swift AppTests" */;
			buildPhases = (
				31C4598C1B4C91C500FB9115 /* Sources */,
				31C4598D1B4C91C500FB9115 /* Frameworks */,
				31C4598E1B4C91C500FB9115 /* Resources */,
			);
			buildRules = (
			);
			dependencies = (
				31C459921B4C91C500FB9115 /* PBXTargetDependency */,
			);
			name = "My First Swift AppTests";
			productName = "My First Swift AppTests";
			productReference = 31C459901B4C91C500FB9115 /* My First Swift AppTests.xctest */;
			productType = "com.apple.product-type.bundle.unit-test";
		};
/* End PBXNativeTarget section */

/* Begin PBXProject section */
		31C459731B4C91C500FB9115 /* Project object */ = {
			isa = PBXProject;
			attributes = {
				LastUpgradeCheck = 0640;
				ORGANIZATIONNAME = "Jill Cohen";
				TargetAttributes = {
					31C4597A1B4C91C500FB9115 = {
						CreatedOnToolsVersion = 6.4;
					};
					31C4598F1B4C91C500FB9115 = {
						CreatedOnToolsVersion = 6.4;
						TestTargetID = 31C4597A1B4C91C500FB9115;
					};
				};
			};
			buildConfigurationList = 31C459761B4C91C500FB9115 /* Build configuration list for PBXProject "My First Swift App" */;
			compatibilityVersion = "Xcode 3.2";
			developmentRegion = English;
			hasScannedForEncodings = 0;
			knownRegions = (
				en,
				Base,
			);
			mainGroup = 31C459721B4C91C500FB9115;
			productRefGroup = 31C4597C1B4C91C500FB9115 /* Products */;
			projectDirPath = "";
			projectRoot = "";
			targets = (
				31C4597A1B4C91C500FB9115 /* My First Swift App */,
				31C4598F1B4C91C500FB9115 /* My First Swift AppTests */,
			);
		};
/* End PBXProject section */

/* Begin PBXResourcesBuildPhase section */
		31C459791B4C91C500FB9115 /* Resources */ = {
			isa = PBXResourcesBuildPhase;
			buildActionMask = 2147483647;
			files = (
				31C459861B4C91C500FB9115 /* Main.storyboard in Resources */,
				31C4598B1B4C91C500FB9115 /* LaunchScreen.xib in Resources */,
				31C459881B4C91C500FB9115 /* Images.xcassets in Resources */,
			);
			runOnlyForDeploymentPostprocessing = 0;
		};
		31C4598E1B4C91C500FB9115 /* Resources */ = {
			isa = PBXResourcesBuildPhase;
			buildActionMask = 2147483647;
			files = (
			);
			runOnlyForDeploymentPostprocessing = 0;
		};
/* End PBXResourcesBuildPhase section */

/* Begin PBXSourcesBuildPhase section */
		31C459771B4C91C500FB9115 /* Sources */ = {
			isa = PBXSourcesBuildPhase;
			buildActionMask = 2147483647;
			files = (
				31C459831B4C91C500FB9115 /* ViewController.swift in Sources */,
				31C459811B4C91C500FB9115 /* AppDelegate.swift in Sources */,
			);
			runOnlyForDeploymentPostprocessing = 0;
		};
		31C4598C1B4C91C500FB9115 /* Sources */ = {
			isa = PBXSourcesBuildPhase;
			buildActionMask = 2147483647;
			files = (
				31C459971B4C91C500FB9115 /* My_First_Swift_AppTests.swift in Sources */,
			);
			runOnlyForDeploymentPostprocessing = 0;
		};
/* End PBXSourcesBuildPhase section */

/* Begin PBXTargetDependency section */
		31C459921B4C91C500FB9115 /* PBXTargetDependency */ = {
			isa = PBXTargetDependency;
			target = 31C4597A1B4C91C500FB9115 /* My First Swift App */;
			targetProxy = 31C459911B4C91C500FB9115 /* PBXContainerItemProxy */;
		};
/* End PBXTargetDependency section */

/* Begin PBXVariantGroup section */
		31C459841B4C91C500FB9115 /* Main.storyboard */ = {
			isa = PBXVariantGroup;
			children = (
				31C459851B4C91C500FB9115 /* Base */,
			);
			name = Main.storyboard;
			sourceTree = "<group>";
		};
		31C459891B4C91C500FB9115 /* LaunchScreen.xib */ = {
			isa = PBXVariantGroup;
			children = (
				31C4598A1B4C91C500FB9115 /* Base */,
			);
			name = LaunchScreen.xib;
			sourceTree = "<group>";
		};
/* End PBXVariantGroup section */

/* Begin XCBuildConfiguration section */
		31C459981B4C91C500FB9115 /* Debug */ = {
			isa = XCBuildConfiguration;
			buildSettings = {
				ALWAYS_SEARCH_USER_PATHS = NO;
				CLANG_CXX_LANGUAGE_STANDARD = "gnu++0x";
				CLANG_CXX_LIBRARY = "libc++";
				CLANG_ENABLE_MODULES = YES;
				CLANG_ENABLE_OBJC_ARC = YES;
				CLANG_WARN_BOOL_CONVERSION = YES;
				CLANG_WARN_CONSTANT_CONVERSION = YES;
				CLANG_WARN_DIRECT_OBJC_ISA_USAGE = YES_ERROR;
				CLANG_WARN_EMPTY_BODY = YES;
				CLANG_WARN_ENUM_CONVERSION = YES;
				CLANG_WARN_INT_CONVERSION = YES;
				CLANG_WARN_OBJC_ROOT_CLASS = YES_ERROR;
				CLANG_WARN_UNREACHABLE_CODE = YES;
				CLANG_WARN__DUPLICATE_METHOD_MATCH = YES;
				"CODE_SIGN_IDENTITY[sdk=iphoneos*]" = "iPhone Developer";
				COPY_PHASE_STRIP = NO;
				DEBUG_INFORMATION_FORMAT = "dwarf-with-dsym";
				ENABLE_STRICT_OBJC_MSGSEND = YES;
				GCC_C_LANGUAGE_STANDARD = gnu99;
				GCC_DYNAMIC_NO_PIC = NO;
				GCC_NO_COMMON_BLOCKS = YES;
				GCC_OPTIMIZATION_LEVEL = 0;
				GCC_PREPROCESSOR_DEFINITIONS = (
					"DEBUG=1",
					"$(inherited)",
				);
				GCC_SYMBOLS_PRIVATE_EXTERN = NO;
				GCC_WARN_64_TO_32_BIT_CONVERSION = YES;
				GCC_WARN_ABOUT_RETURN_TYPE = YES_ERROR;
				GCC_WARN_UNDECLARED_SELECTOR = YES;
				GCC_WARN_UNINITIALIZED_AUTOS = YES_AGGRESSIVE;
				GCC_WARN_UNUSED_FUNCTION = YES;
				GCC_WARN_UNUSED_VARIABLE = YES;
				IPHONEOS_DEPLOYMENT_TARGET = 8.4;
				MTL_ENABLE_DEBUG_INFO = YES;
				ONLY_ACTIVE_ARCH = YES;
				SDKROOT = iphoneos;
				SWIFT_OPTIMIZATION_LEVEL = "-Onone";
			};
			name = Debug;
		};
		31C459991B4C91C500FB9115 /* Release */ = {
			isa = XCBuildConfiguration;
			buildSettings = {
				ALWAYS_SEARCH_USER_PATHS = NO;
				CLANG_CXX_LANGUAGE_STANDARD = "gnu++0x";
				CLANG_CXX_LIBRARY = "libc++";
				CLANG_ENABLE_MODULES = YES;
				CLANG_ENABLE_OBJC_ARC = YES;
				CLANG_WARN_BOOL_CONVERSION = YES;
				CLANG_WARN_CONSTANT_CONVERSION = YES;
				CLANG_WARN_DIRECT_OBJC_ISA_USAGE = YES_ERROR;
				CLANG_WARN_EMPTY_BODY = YES;
				CLANG_WARN_ENUM_CONVERSION = YES;
				CLANG_WARN_INT_CONVERSION = YES;
				CLANG_WARN_OBJC_ROOT_CLASS = YES_ERROR;
				CLANG_WARN_UNREACHABLE_CODE = YES;
				CLANG_WARN__DUPLICATE_METHOD_MATCH = YES;
				"CODE_SIGN_IDENTITY[sdk=iphoneos*]" = "iPhone Developer";
				COPY_PHASE_STRIP = NO;
				DEBUG_INFORMATION_FORMAT = "dwarf-with-dsym";
				ENABLE_NS_ASSERTIONS = NO;
				ENABLE_STRICT_OBJC_MSGSEND = YES;
				GCC_C_LANGUAGE_STANDARD = gnu99;
				GCC_NO_COMMON_BLOCKS = YES;
				GCC_WARN_64_TO_32_BIT_CONVERSION = YES;
				GCC_WARN_ABOUT_RETURN_TYPE = YES_ERROR;
				GCC_WARN_UNDECLARED_SELECTOR = YES;
				GCC_WARN_UNINITIALIZED_AUTOS = YES_AGGRESSIVE;
				GCC_WARN_UNUSED_FUNCTION = YES;
				GCC_WARN_UNUSED_VARIABLE = YES;
				IPHONEOS_DEPLOYMENT_TARGET = 8.4;
				MTL_ENABLE_DEBUG_INFO = NO;
				SDKROOT = iphoneos;
				VALIDATE_PRODUCT = YES;
			};
			name = Release;
		};
		31C4599B1B4C91C500FB9115 /* Debug */ = {
			isa = XCBuildConfiguration;
			buildSettings = {
				ASSETCATALOG_COMPILER_APPICON_NAME = AppIcon;
				INFOPLIST_FILE = "My First Swift App/Info.plist";
				LD_RUNPATH_SEARCH_PATHS = "$(inherited) @executable_path/Frameworks";
				PRODUCT_NAME = "$(TARGET_NAME)";
			};
			name = Debug;
		};
		31C4599C1B4C91C500FB9115 /* Release */ = {
			isa = XCBuildConfiguration;
			buildSettings = {
				ASSETCATALOG_COMPILER_APPICON_NAME = AppIcon;
				INFOPLIST_FILE = "My First Swift App/Info.plist";
				LD_RUNPATH_SEARCH_PATHS = "$(inherited) @executable_path/Frameworks";
				PRODUCT_NAME = "$(TARGET_NAME)";
			};
			name = Release;
		};
		31C4599E1B4C91C500FB9115 /* Debug */ = {
			isa = XCBuildConfiguration;
			buildSettings = {
				BUNDLE_LOADER = "$(TEST_HOST)";
				FRAMEWORK_SEARCH_PATHS = (
					"$(SDKROOT)/Developer/Library/Frameworks",
					"$(inherited)",
				);
				GCC_PREPROCESSOR_DEFINITIONS = (
					"DEBUG=1",
					"$(inherited)",
				);
				INFOPLIST_FILE = "My First Swift AppTests/Info.plist";
				LD_RUNPATH_SEARCH_PATHS = "$(inherited) @executable_path/Frameworks @loader_path/Frameworks";
				PRODUCT_NAME = "$(TARGET_NAME)";
				TEST_HOST = "$(BUILT_PRODUCTS_DIR)/My First Swift App.app/My First Swift App";
			};
			name = Debug;
		};
		31C4599F1B4C91C500FB9115 /* Release */ = {
			isa = XCBuildConfiguration;
			buildSettings = {
				BUNDLE_LOADER = "$(TEST_HOST)";
				FRAMEWORK_SEARCH_PATHS = (
					"$(SDKROOT)/Developer/Library/Frameworks",
					"$(inherited)",
				);
				INFOPLIST_FILE = "My First Swift AppTests/Info.plist";
				LD_RUNPATH_SEARCH_PATHS = "$(inherited) @executable_path/Frameworks @loader_path/Frameworks";
				PRODUCT_NAME = "$(TARGET_NAME)";
				TEST_HOST = "$(BUILT_PRODUCTS_DIR)/My First Swift App.app/My First Swift App";
			};
			name = Release;
		};
/* End XCBuildConfiguration section */

/* Begin XCConfigurationList section */
		31C459761B4C91C500FB9115 /* Build configuration list for PBXProject "My First Swift App" */ = {
			isa = XCConfigurationList;
			buildConfigurations = (
				31C459981B4C91C500FB9115 /* Debug */,
				31C459991B4C91C500FB9115 /* Release */,
			);
			defaultConfigurationIsVisible = 0;
			defaultConfigurationName = Release;
		};
		31C4599A1B4C91C500FB9115 /* Build configuration list for PBXNativeTarget "My First Swift App" */ = {
			isa = XCConfigurationList;
			buildConfigurations = (
				31C4599B1B4C91C500FB9115 /* Debug */,
				31C4599C1B4C91C500FB9115 /* Release */,
			);
			defaultConfigurationIsVisible = 0;
		};
		31C4599D1B4C91C500FB9115 /* Build configuration list for PBXNativeTarget "My First Swift AppTests" */ = {
			isa = XCConfigurationList;
			buildConfigurations = (
				31C4599E1B4C91C500FB9115 /* Debug */,
				31C4599F1B4C91C500FB9115 /* Release */,
			);
			defaultConfigurationIsVisible = 0;
		};
/* End XCConfigurationList section */
	};
	rootObject = 31C459731B4C91C500FB9115 /* Project object */;
}
